{
    "_readme": [
        "This file locks the dependencies of your project to a known state",
        "Read more about it at https://getcomposer.org/doc/01-basic-usage.md#composer-lock-the-lock-file",
        "This file is @generated automatically"
    ],
    "hash": "c6c87a6bb516b26b20d26fce6ceb665a",
    "packages": [
        {
            "name": "abhinavsingh/jaxl",
            "version": "v3.0.0",
            "source": {
                "type": "git",
                "url": "https://github.com/jaxl/JAXL.git",
                "reference": "7e1f1d8841e6214f73492a5693f97fb7424ad9f6"
            },
            "dist": {
                "type": "zip",
                "url": "https://api.github.com/repos/jaxl/JAXL/zipball/7e1f1d8841e6214f73492a5693f97fb7424ad9f6",
                "reference": "7e1f1d8841e6214f73492a5693f97fb7424ad9f6",
                "shasum": ""
            },
            "require": {
                "php": ">=5.2.4"
            },
            "type": "library",
            "autoload": {
                "files": [
                    "jaxl.php"
                ]
            },
            "notification-url": "https://packagist.org/downloads/",
            "license": [
                "MIT"
            ],
            "authors": [
                {
                    "name": "Abhinavsingh",
                    "homepage": "https://github.com/abhinavsingh"
                }
            ],
            "description": "jaxl - Jabber XMPP Client Library in PHP.",
            "homepage": "http://jaxl.readthedocs.org/en/latest/index.html",
            "keywords": [
                "abhinavsingh",
                "jabber",
                "jaxl",
                "xmpp"
            ],
            "time": "2012-11-15 18:29:58"
        },
        {
            "name": "endroid/gcm",
            "version": "1.2.7",
            "source": {
                "type": "git",
                "url": "https://github.com/endroid/Gcm.git",
                "reference": "b0236a3953f7e619b0cfa0abc952454a54b6c5ef"
            },
            "dist": {
                "type": "zip",
                "url": "https://api.github.com/repos/endroid/Gcm/zipball/b0236a3953f7e619b0cfa0abc952454a54b6c5ef",
                "reference": "b0236a3953f7e619b0cfa0abc952454a54b6c5ef",
                "shasum": ""
            },
            "require": {
                "kriswallsmith/buzz": "~0.3",
                "php": ">=5.3.0"
            },
            "require-dev": {
                "fabpot/php-cs-fixer": "~1.0",
                "phpunit/phpunit": "~4.0"
            },
            "type": "library",
            "extra": {
                "branch-alias": {
                    "dev-master": "1.x-dev"
                }
            },
            "autoload": {
                "psr-4": {
                    "Endroid\\Gcm\\": [
                        "src/",
                        "tests/"
                    ]
                }
            },
            "notification-url": "https://packagist.org/downloads/",
            "license": [
                "MIT"
            ],
            "authors": [
                {
                    "name": "Jeroen van den Enden",
                    "email": "info@endroid.nl",
                    "homepage": "http://endroid.nl/"
                }
            ],
            "description": "Endroid Google Cloud Messaging",
            "homepage": "https://github.com/endroid/Gcm",
            "keywords": [
                "cloud",
                "endroid",
                "gcm",
                "google",
                "messaging",
                "notification",
                "notifications",
                "push"
            ],
            "time": "2015-07-08 13:55:46"
        },
        {
            "name": "kriswallsmith/buzz",
            "version": "v0.15",
            "source": {
                "type": "git",
                "url": "https://github.com/kriswallsmith/Buzz.git",
                "reference": "d4041666c3ffb379af02a92dabe81c904b35fab8"
            },
            "dist": {
                "type": "zip",
                "url": "https://api.github.com/repos/kriswallsmith/Buzz/zipball/d4041666c3ffb379af02a92dabe81c904b35fab8",
                "reference": "d4041666c3ffb379af02a92dabe81c904b35fab8",
                "shasum": ""
            },
            "require": {
                "php": ">=5.3.0"
            },
            "require-dev": {
                "phpunit/phpunit": "3.7.*"
            },
            "suggest": {
                "ext-curl": "*"
            },
            "type": "library",
            "autoload": {
                "psr-0": {
                    "Buzz": "lib/"
                }
            },
            "notification-url": "https://packagist.org/downloads/",
            "license": [
                "MIT"
            ],
            "authors": [
                {
                    "name": "Kris Wallsmith",
                    "email": "kris.wallsmith@gmail.com",
                    "homepage": "http://kriswallsmith.net/"
                }
            ],
            "description": "Lightweight HTTP client",
            "homepage": "https://github.com/kriswallsmith/Buzz",
            "keywords": [
                "curl",
                "http client"
            ],
            "time": "2015-06-25 17:26:56"
        },
        {
            "name": "nette/utils",
            "version": "v2.2.7",
            "source": {
                "type": "git",
                "url": "https://github.com/nette/utils.git",
                "reference": "1d980850f42652bc41cdc2b46789b015d772871b"
            },
            "dist": {
                "type": "zip",
                "url": "https://api.github.com/repos/nette/utils/zipball/1d980850f42652bc41cdc2b46789b015d772871b",
                "reference": "1d980850f42652bc41cdc2b46789b015d772871b",
                "shasum": ""
            },
            "require": {
                "php": ">=5.3.1"
            },
            "conflict": {
                "nette/nette": "<2.2"
            },
            "require-dev": {
                "nette/tester": "~1.0"
            },
            "suggest": {
                "ext-gd": "to use Image",
                "ext-iconv": "to use Strings::webalize() and toAscii()",
                "ext-mbstring": "to use Strings::lower() etc..."
            },
            "type": "library",
            "autoload": {
                "classmap": [
                    "src/"
                ]
            },
            "notification-url": "https://packagist.org/downloads/",
            "license": [
                "BSD-3-Clause",
                "GPL-2.0",
                "GPL-3.0"
            ],
            "authors": [
                {
                    "name": "David Grudl",
                    "homepage": "http://davidgrudl.com"
                },
                {
                    "name": "Nette Community",
                    "homepage": "http://nette.org/contributors"
                }
            ],
            "description": "Nette Utility Classes",
            "homepage": "http://nette.org",
            "time": "2015-08-05 10:38:03"
        },
        {
            "name": "petrsladek/gcm",
            "version": "dev-master",
            "source": {
                "type": "git",
                "url": "https://github.com/PetrSladek/Gcm.git",
                "reference": "d9e3ac93af535624ec177d060c341f5e7a1c6824"
            },
            "dist": {
                "type": "zip",
                "url": "https://api.github.com/repos/PetrSladek/Gcm/zipball/d9e3ac93af535624ec177d060c341f5e7a1c6824",
                "reference": "d9e3ac93af535624ec177d060c341f5e7a1c6824",
                "shasum": ""
            },
            "require": {
                "abhinavsingh/jaxl": "3.0.0",
                "nette/utils": "~2.2.0",
                "php": ">= 5.3.7"
            },
            "type": "library",
            "autoload": {
                "classmap": [
                    "src/"
                ]
            },
            "notification-url": "https://packagist.org/downloads/",
            "license": [
                "proprietary"
            ],
            "authors": [
                {
                    "name": "Petr Sladek",
                    "email": "petr.sladek@skaut.cz"
                }
            ],
            "description": "Google Cloud Messaging PHP library. Sender for sending Messages over HTTP amd Deamon for sending and recieving messages over XMPP (CCS).",
            "time": "2015-08-27 08:26:17"
        }
    ],
    "packages-dev": [],
    "aliases": [],
    "minimum-stability": "stable",
    "stability-flags": {
        "petrsladek/gcm": 20
    },
    "prefer-stable": false,
    "prefer-lowest": false,
    "platform": [],
    "platform-dev": []
}
